
Microsoft Visual Studio Solution File, Format Version 12.00
# Visual Studio 14
VisualStudioVersion = 14.0.25420.1
MinimumVisualStudioVersion = 10.0.40219.1
Project("{151D2E53-A2C4-4D7D-83FE-D05416EBD58E}") = "LogicApp_StorageAccount_FileShare", "LogicApp_StorageAccount_FileShare\LogicApp_StorageAccount_FileShare.deployproj", "{DD4D09A6-D47B-4343-82A2-38B247900B1E}"
EndProject
Global
	GlobalSection(SolutionConfigurationPlatforms) = preSolution
		Debug|Any CPU = Debug|Any CPU
		Release|Any CPU = Release|Any CPU
	EndGlobalSection
	GlobalSection(ProjectConfigurationPlatforms) = postSolution
		{DD4D09A6-D47B-4343-82A2-38B247900B1E}.Debug|Any CPU.ActiveCfg = Debug|Any CPU
		{DD4D09A6-D47B-4343-82A2-38B247900B1E}.Debug|Any CPU.Build.0 = Debug|Any CPU
		{DD4D09A6-D47B-4343-82A2-38B247900B1E}.Release|Any CPU.ActiveCfg = Release|Any CPU
		{DD4D09A6-D47B-4343-82A2-38B247900B1E}.Release|Any CPU.Build.0 = Release|Any CPU
	EndGlobalSection
	GlobalSection(SolutionProperties) = preSolution
		HideSolutionNode = FALSE
	EndGlobalSection
EndGlobal
